{"filter":false,"title":"package-lock.json","tooltip":"/NodeProject/package-lock.json","undoManager":{"mark":-1,"position":-1,"stack":[]},"ace":{"folds":[],"scrolltop":5760,"scrollleft":0,"selection":{"start":{"row":714,"column":24},"end":{"row":714,"column":27},"isBackwards":true},"options":{"guessTabSize":true,"useWrapMode":false,"wrapToView":true},"firstLineState":{"row":410,"state":"start","mode":"ace/mode/json"}},"timestamp":1691517536732,"hash":"449052a6166f5234c680729f627261dfa3747c5e"}